
Microsoft Visual Studio Solution File, Format Version 12.00
# Visual Studio Version 16
VisualStudioVersion = 16.0.31424.327
MinimumVisualStudioVersion = 10.0.40219.1
Project("{FAE04EC0-301F-11D3-BF4B-00C04F79EFBC}") = "RawImport_Lightspeed", "RawImport_Lightspeed\RawImport_Lightspeed.csproj", "{2475F7D1-86C6-41A1-BBCD-E85588454658}"
EndProject
Project("{FAE04EC0-301F-11D3-BF4B-00C04F79EFBC}") = "ManualImport", "ManualImport\ManualImport.csproj", "{3351BD74-1B22-453E-AD17-648545AE80FD}"
EndProject
Global
	GlobalSection(SolutionConfigurationPlatforms) = preSolution
		Debug|Any CPU = Debug|Any CPU
		Release|Any CPU = Release|Any CPU
	EndGlobalSection
	GlobalSection(ProjectConfigurationPlatforms) = postSolution
		{2475F7D1-86C6-41A1-BBCD-E85588454658}.Debug|Any CPU.ActiveCfg = Debug|Any CPU
		{2475F7D1-86C6-41A1-BBCD-E85588454658}.Debug|Any CPU.Build.0 = Debug|Any CPU
		{2475F7D1-86C6-41A1-BBCD-E85588454658}.Release|Any CPU.ActiveCfg = Release|Any CPU
		{2475F7D1-86C6-41A1-BBCD-E85588454658}.Release|Any CPU.Build.0 = Release|Any CPU
		{3351BD74-1B22-453E-AD17-648545AE80FD}.Debug|Any CPU.ActiveCfg = Debug|Any CPU
		{3351BD74-1B22-453E-AD17-648545AE80FD}.Debug|Any CPU.Build.0 = Debug|Any CPU
		{3351BD74-1B22-453E-AD17-648545AE80FD}.Release|Any CPU.ActiveCfg = Release|Any CPU
		{3351BD74-1B22-453E-AD17-648545AE80FD}.Release|Any CPU.Build.0 = Release|Any CPU
	EndGlobalSection
	GlobalSection(SolutionProperties) = preSolution
		HideSolutionNode = FALSE
	EndGlobalSection
	GlobalSection(ExtensibilityGlobals) = postSolution
		SolutionGuid = {59872E78-9111-4A61-ACA0-71092BE9F4D1}
	EndGlobalSection
EndGlobal
